
Microsoft Visual Studio Solution File, Format Version 12.00
# Visual Studio Version 17
VisualStudioVersion = 17.8.34511.84
MinimumVisualStudioVersion = 10.0.40219.1
Project("{FAE04EC0-301F-11D3-BF4B-00C04F79EFBC}") = "Assesment1", "Assesment1.csproj", "{83908298-3796-4B1C-990C-80F95075B399}"
EndProject
Global
	GlobalSection(SolutionConfigurationPlatforms) = preSolution
		Debug|Any CPU = Debug|Any CPU
		Release|Any CPU = Release|Any CPU
	EndGlobalSection
	GlobalSection(ProjectConfigurationPlatforms) = postSolution
		{83908298-3796-4B1C-990C-80F95075B399}.Debug|Any CPU.ActiveCfg = Debug|Any CPU
		{83908298-3796-4B1C-990C-80F95075B399}.Debug|Any CPU.Build.0 = Debug|Any CPU
		{83908298-3796-4B1C-990C-80F95075B399}.Release|Any CPU.ActiveCfg = Release|Any CPU
		{83908298-3796-4B1C-990C-80F95075B399}.Release|Any CPU.Build.0 = Release|Any CPU
	EndGlobalSection
	GlobalSection(SolutionProperties) = preSolution
		HideSolutionNode = FALSE
	EndGlobalSection
	GlobalSection(ExtensibilityGlobals) = postSolution
		SolutionGuid = {9F79F54F-14E8-4089-85F0-653B4E35CFA4}
	EndGlobalSection
EndGlobal
