
Microsoft Visual Studio Solution File, Format Version 12.00
# Visual Studio Version 17
VisualStudioVersion = 17.8.34511.84
MinimumVisualStudioVersion = 10.0.40219.1
Project("{FAE04EC0-301F-11D3-BF4B-00C04F79EFBC}") = "Assessment15", "Assessment15.csproj", "{79D242DD-13C7-4776-9CC0-E1F416BF8B69}"
EndProject
Global
	GlobalSection(SolutionConfigurationPlatforms) = preSolution
		Debug|Any CPU = Debug|Any CPU
		Release|Any CPU = Release|Any CPU
	EndGlobalSection
	GlobalSection(ProjectConfigurationPlatforms) = postSolution
		{79D242DD-13C7-4776-9CC0-E1F416BF8B69}.Debug|Any CPU.ActiveCfg = Debug|Any CPU
		{79D242DD-13C7-4776-9CC0-E1F416BF8B69}.Debug|Any CPU.Build.0 = Debug|Any CPU
		{79D242DD-13C7-4776-9CC0-E1F416BF8B69}.Release|Any CPU.ActiveCfg = Release|Any CPU
		{79D242DD-13C7-4776-9CC0-E1F416BF8B69}.Release|Any CPU.Build.0 = Release|Any CPU
	EndGlobalSection
	GlobalSection(SolutionProperties) = preSolution
		HideSolutionNode = FALSE
	EndGlobalSection
	GlobalSection(ExtensibilityGlobals) = postSolution
		SolutionGuid = {D3997AD9-24DC-476D-993C-14D93A85445D}
	EndGlobalSection
EndGlobal
