
Microsoft Visual Studio Solution File, Format Version 12.00
# Visual Studio Version 17
VisualStudioVersion = 17.8.34511.84
MinimumVisualStudioVersion = 10.0.40219.1
Project("{FAE04EC0-301F-11D3-BF4B-00C04F79EFBC}") = "Assessment6", "Assessment6.csproj", "{CFAD1419-8C8A-48F5-AEDB-AC4161DCE7A8}"
EndProject
Global
	GlobalSection(SolutionConfigurationPlatforms) = preSolution
		Debug|Any CPU = Debug|Any CPU
		Release|Any CPU = Release|Any CPU
	EndGlobalSection
	GlobalSection(ProjectConfigurationPlatforms) = postSolution
		{CFAD1419-8C8A-48F5-AEDB-AC4161DCE7A8}.Debug|Any CPU.ActiveCfg = Debug|Any CPU
		{CFAD1419-8C8A-48F5-AEDB-AC4161DCE7A8}.Debug|Any CPU.Build.0 = Debug|Any CPU
		{CFAD1419-8C8A-48F5-AEDB-AC4161DCE7A8}.Release|Any CPU.ActiveCfg = Release|Any CPU
		{CFAD1419-8C8A-48F5-AEDB-AC4161DCE7A8}.Release|Any CPU.Build.0 = Release|Any CPU
	EndGlobalSection
	GlobalSection(SolutionProperties) = preSolution
		HideSolutionNode = FALSE
	EndGlobalSection
	GlobalSection(ExtensibilityGlobals) = postSolution
		SolutionGuid = {885A1F38-0F0B-40ED-97DA-E3C555D9F66C}
	EndGlobalSection
EndGlobal
